
Microsoft Visual Studio Solution File, Format Version 12.00
# Visual Studio Version 17
VisualStudioVersion = 17.8.34322.80
MinimumVisualStudioVersion = 10.0.40219.1
Project("{FAE04EC0-301F-11D3-BF4B-00C04F79EFBC}") = "StockRoom", "StockRoom\StockRoom.csproj", "{CF943531-79B9-48D0-A553-012400CF6BAE}"
EndProject
Global
	GlobalSection(SolutionConfigurationPlatforms) = preSolution
		Debug|Any CPU = Debug|Any CPU
		Release|Any CPU = Release|Any CPU
	EndGlobalSection
	GlobalSection(ProjectConfigurationPlatforms) = postSolution
		{CF943531-79B9-48D0-A553-012400CF6BAE}.Debug|Any CPU.ActiveCfg = Debug|Any CPU
		{CF943531-79B9-48D0-A553-012400CF6BAE}.Debug|Any CPU.Build.0 = Debug|Any CPU
		{CF943531-79B9-48D0-A553-012400CF6BAE}.Release|Any CPU.ActiveCfg = Release|Any CPU
		{CF943531-79B9-48D0-A553-012400CF6BAE}.Release|Any CPU.Build.0 = Release|Any CPU
	EndGlobalSection
	GlobalSection(SolutionProperties) = preSolution
		HideSolutionNode = FALSE
	EndGlobalSection
	GlobalSection(ExtensibilityGlobals) = postSolution
		SolutionGuid = {3805D86B-4C4C-4012-B040-70C7E5E03523}
	EndGlobalSection
EndGlobal
